
Microsoft Visual Studio Solution File, Format Version 12.00
# Visual Studio 15
VisualStudioVersion = 15.0.28010.2036
MinimumVisualStudioVersion = 10.0.40219.1
Project("{F2A71F9B-5D33-465A-A702-920D77279786}") = "ConsoleApplication1", "ConsoleApplication1\ConsoleApplication1.fsproj", "{F69FBAE2-5620-4B13-AE5B-7FACFB13869D}"
EndProject
Global
	GlobalSection(SolutionConfigurationPlatforms) = preSolution
		Debug|Any CPU = Debug|Any CPU
		Release|Any CPU = Release|Any CPU
	EndGlobalSection
	GlobalSection(ProjectConfigurationPlatforms) = postSolution
		{F69FBAE2-5620-4B13-AE5B-7FACFB13869D}.Debug|Any CPU.ActiveCfg = Debug|Any CPU
		{F69FBAE2-5620-4B13-AE5B-7FACFB13869D}.Debug|Any CPU.Build.0 = Debug|Any CPU
		{F69FBAE2-5620-4B13-AE5B-7FACFB13869D}.Release|Any CPU.ActiveCfg = Release|Any CPU
		{F69FBAE2-5620-4B13-AE5B-7FACFB13869D}.Release|Any CPU.Build.0 = Release|Any CPU
	EndGlobalSection
	GlobalSection(SolutionProperties) = preSolution
		HideSolutionNode = FALSE
	EndGlobalSection
	GlobalSection(ExtensibilityGlobals) = postSolution
		SolutionGuid = {D87A2FB0-59FC-4039-B817-DDE6E8DD3BDB}
	EndGlobalSection
EndGlobal
